
Microsoft Visual Studio Solution File, Format Version 12.00
# Visual Studio Version 17
VisualStudioVersion = 17.13.35828.75 d17.13
MinimumVisualStudioVersion = 10.0.40219.1
Project("{FAE04EC0-301F-11D3-BF4B-00C04F79EFBC}") = "form", "form\form.csproj", "{A6952504-7384-453F-BCB6-F5C8B1DCC78E}"
EndProject
Global
	GlobalSection(SolutionConfigurationPlatforms) = preSolution
		Debug|Any CPU = Debug|Any CPU
		Release|Any CPU = Release|Any CPU
	EndGlobalSection
	GlobalSection(ProjectConfigurationPlatforms) = postSolution
		{A6952504-7384-453F-BCB6-F5C8B1DCC78E}.Debug|Any CPU.ActiveCfg = Debug|Any CPU
		{A6952504-7384-453F-BCB6-F5C8B1DCC78E}.Debug|Any CPU.Build.0 = Debug|Any CPU
		{A6952504-7384-453F-BCB6-F5C8B1DCC78E}.Release|Any CPU.ActiveCfg = Release|Any CPU
		{A6952504-7384-453F-BCB6-F5C8B1DCC78E}.Release|Any CPU.Build.0 = Release|Any CPU
	EndGlobalSection
	GlobalSection(SolutionProperties) = preSolution
		HideSolutionNode = FALSE
	EndGlobalSection
	GlobalSection(ExtensibilityGlobals) = postSolution
		SolutionGuid = {953F8E29-4BC3-4EC5-9AEC-A1B1C50DEBFA}
	EndGlobalSection
EndGlobal
